packages:
  apb:
    revision: null
    version: null
    source:
      Path: rtl/apb
    dependencies:
    - common_cells
  axi:
    revision: a256a3b86394fedf19e361047fccfdd7f6ef83e4
    version: 0.39.9
    source:
      Git: https://github.com/pulp-platform/axi.git
    dependencies:
    - common_cells
    - common_verification
    - tech_cells_generic
  common_cells:
    revision: 9ca8a7655f741e7dd5736669a20a301325194c28
    version: 1.39.0
    source:
      Git: https://github.com/pulp-platform/common_cells.git
    dependencies:
    - common_verification
    - tech_cells_generic
  common_verification:
    revision: 5fd30c18a6be6f664d1ef9e44d04956fb4e3364e
    version: null
    source:
      Git: https://github.com/pulp-platform/common_verification.git
    dependencies: []
  cv32e40p:
    revision: 9b1e50b6c6d340f6c90a56d1070c21b54f2a44f7
    version: null
    source:
      Git: https://github.com/g-schultz/cv32e40p.git
    dependencies:
    - common_cells
    - fpnew
    - tech_cells_generic
  cve2:
    revision: null
    version: null
    source:
      Path: rtl/cve2
    dependencies:
    - common_cells
  fpnew:
    revision: 79e453139072df42c9ec8f697132ba485d74e23d
    version: 0.8.1
    source:
      Git: https://github.com/pulp-platform/fpnew.git
    dependencies:
    - common_cells
    - fpu_div_sqrt_mvp
  fpu_div_sqrt_mvp:
    revision: 86e1f558b3c95e91577c41b2fc452c86b04e85ac
    version: 1.0.4
    source:
      Git: https://github.com/pulp-platform/fpu_div_sqrt_mvp.git
    dependencies:
    - common_cells
  idma:
    revision: null
    version: null
    source:
      Path: rtl/idma
    dependencies:
    - common_cells
    - obi
  neorv32:
    revision: 20008a4d9a4ab760ea2fd76f01140de2bc231dda
    version: null
    source:
      Git: https://github.com/g-schultz/neorv32.git
    dependencies: []
  obi:
    revision: null
    version: null
    source:
      Path: rtl/obi
    dependencies:
    - common_cells
    - common_verification
  obi_peripherals:
    revision: null
    version: null
    source:
      Path: rtl/obi_uart
    dependencies:
    - common_cells
    - obi
  riscv-dbg:
    revision: null
    version: null
    source:
      Path: rtl/riscv-dbg
    dependencies:
    - common_cells
    - tech_cells_generic
  tech_cells_generic:
    revision: null
    version: null
    source:
      Path: rtl/tech_cells_generic
    dependencies:
    - common_verification
